
Microsoft Visual Studio Solution File, Format Version 11.00
# Visual Studio 2010
Project("{FAE04EC0-301F-11D3-BF4B-00C04F79EFBC}") = "Dont Drop It, Dont Lose It", "Assembly-CSharp.csproj", "{22F4DD12-0474-356B-B179-42F0812C996A}"
EndProject
Global
	GlobalSection(SolutionConfigurationPlatforms) = preSolution
		Debug|Any CPU = Debug|Any CPU
		Release|Any CPU = Release|Any CPU
	EndGlobalSection
	GlobalSection(ProjectConfigurationPlatforms) = postSolution
		{22F4DD12-0474-356B-B179-42F0812C996A}.Debug|Any CPU.ActiveCfg = Debug|Any CPU
		{22F4DD12-0474-356B-B179-42F0812C996A}.Debug|Any CPU.Build.0 = Debug|Any CPU
		{22F4DD12-0474-356B-B179-42F0812C996A}.Release|Any CPU.ActiveCfg = Release|Any CPU
		{22F4DD12-0474-356B-B179-42F0812C996A}.Release|Any CPU.Build.0 = Release|Any CPU
	EndGlobalSection
	GlobalSection(SolutionProperties) = preSolution
		HideSolutionNode = FALSE
	EndGlobalSection
	GlobalSection(MonoDevelopProperties) = preSolution
		StartupItem = Assembly-CSharp.csproj
	EndGlobalSection
EndGlobal
